
Microsoft Visual Studio Solution File, Format Version 12.00
# Visual Studio Version 17
VisualStudioVersion = 17.0.31903.59
MinimumVisualStudioVersion = 10.0.40219.1
Project("{FAE04EC0-301F-11D3-BF4B-00C04F79EFBC}") = "MovieDatabase.Backend", "MovieDatabase.Backend\MovieDatabase.Backend.csproj", "{A16AF070-397F-4088-B734-D3F8BCE0829C}"
EndProject
Project("{FAE04EC0-301F-11D3-BF4B-00C04F79EFBC}") = "MovieDatabase.Frontend", "MovieDatabase.Frontend\MovieDatabase.Frontend.csproj", "{032578E8-098E-4524-BF50-5A146E385F91}"
EndProject
Project("{FAE04EC0-301F-11D3-BF4B-00C04F79EFBC}") = "MovieDatabase.Persistence", "MovieDatabase.Persistence\MovieDatabase.Persistence.csproj", "{E93E7099-9E50-4C8D-8F59-732008F33150}"
EndProject
Project("{FAE04EC0-301F-11D3-BF4B-00C04F79EFBC}") = "MovieDatabase.Webcrawler", "MovieDatabase.Webcrawler\MovieDatabase.Webcrawler.csproj", "{91B9E4E5-44B6-451B-9695-57FB68DC7000}"
EndProject
Project("{FAE04EC0-301F-11D3-BF4B-00C04F79EFBC}") = "MovieDatabase.Backend.Tests", "MovieDatabase.Backend.Tests\MovieDatabase.Backend.Tests.csproj", "{4AA9AB9F-705E-4AB0-9F96-7A48B2F6D78C}"
EndProject
Project("{FAE04EC0-301F-11D3-BF4B-00C04F79EFBC}") = "MovieDatabase.Identity", "MovieDatabase.Identity\MovieDatabase.Identity.csproj", "{9454214A-3E2D-47D0-A125-24949CD495C3}"
EndProject
Global
	GlobalSection(SolutionConfigurationPlatforms) = preSolution
		Debug|Any CPU = Debug|Any CPU
		Release|Any CPU = Release|Any CPU
	EndGlobalSection
	GlobalSection(SolutionProperties) = preSolution
		HideSolutionNode = FALSE
	EndGlobalSection
	GlobalSection(ProjectConfigurationPlatforms) = postSolution
		{A16AF070-397F-4088-B734-D3F8BCE0829C}.Debug|Any CPU.ActiveCfg = Debug|Any CPU
		{A16AF070-397F-4088-B734-D3F8BCE0829C}.Debug|Any CPU.Build.0 = Debug|Any CPU
		{A16AF070-397F-4088-B734-D3F8BCE0829C}.Release|Any CPU.ActiveCfg = Release|Any CPU
		{A16AF070-397F-4088-B734-D3F8BCE0829C}.Release|Any CPU.Build.0 = Release|Any CPU
		{032578E8-098E-4524-BF50-5A146E385F91}.Debug|Any CPU.ActiveCfg = Debug|Any CPU
		{032578E8-098E-4524-BF50-5A146E385F91}.Debug|Any CPU.Build.0 = Debug|Any CPU
		{032578E8-098E-4524-BF50-5A146E385F91}.Release|Any CPU.ActiveCfg = Release|Any CPU
		{032578E8-098E-4524-BF50-5A146E385F91}.Release|Any CPU.Build.0 = Release|Any CPU
		{E93E7099-9E50-4C8D-8F59-732008F33150}.Debug|Any CPU.ActiveCfg = Debug|Any CPU
		{E93E7099-9E50-4C8D-8F59-732008F33150}.Debug|Any CPU.Build.0 = Debug|Any CPU
		{E93E7099-9E50-4C8D-8F59-732008F33150}.Release|Any CPU.ActiveCfg = Release|Any CPU
		{E93E7099-9E50-4C8D-8F59-732008F33150}.Release|Any CPU.Build.0 = Release|Any CPU
		{91B9E4E5-44B6-451B-9695-57FB68DC7000}.Debug|Any CPU.ActiveCfg = Debug|Any CPU
		{91B9E4E5-44B6-451B-9695-57FB68DC7000}.Debug|Any CPU.Build.0 = Debug|Any CPU
		{91B9E4E5-44B6-451B-9695-57FB68DC7000}.Release|Any CPU.ActiveCfg = Release|Any CPU
		{91B9E4E5-44B6-451B-9695-57FB68DC7000}.Release|Any CPU.Build.0 = Release|Any CPU
		{4AA9AB9F-705E-4AB0-9F96-7A48B2F6D78C}.Debug|Any CPU.ActiveCfg = Debug|Any CPU
		{4AA9AB9F-705E-4AB0-9F96-7A48B2F6D78C}.Debug|Any CPU.Build.0 = Debug|Any CPU
		{4AA9AB9F-705E-4AB0-9F96-7A48B2F6D78C}.Release|Any CPU.ActiveCfg = Release|Any CPU
		{4AA9AB9F-705E-4AB0-9F96-7A48B2F6D78C}.Release|Any CPU.Build.0 = Release|Any CPU
		{9454214A-3E2D-47D0-A125-24949CD495C3}.Debug|Any CPU.ActiveCfg = Debug|Any CPU
		{9454214A-3E2D-47D0-A125-24949CD495C3}.Debug|Any CPU.Build.0 = Debug|Any CPU
		{9454214A-3E2D-47D0-A125-24949CD495C3}.Release|Any CPU.ActiveCfg = Release|Any CPU
		{9454214A-3E2D-47D0-A125-24949CD495C3}.Release|Any CPU.Build.0 = Release|Any CPU
	EndGlobalSection
EndGlobal
